
Microsoft Visual Studio Solution File, Format Version 12.00
# Visual Studio Version 17
VisualStudioVersion = 17.5.33530.505
MinimumVisualStudioVersion = 10.0.40219.1
Project("{8BC9CEB8-8B4A-11D0-8D11-00A0C91BC942}") = "e3.4", "e3.4\e3.4.vcxproj", "{887D9B79-1853-4CBF-AF29-7A9244B64EBC}"
EndProject
Project("{8BC9CEB8-8B4A-11D0-8D11-00A0C91BC942}") = "e4.1", "e4.1\essentialcpp.vcxproj", "{BD86CAC5-3F8F-4535-A470-836C83A3CCF7}"
EndProject
Project("{8BC9CEB8-8B4A-11D0-8D11-00A0C91BC942}") = "e4.3", "e4.3\e4.3.vcxproj", "{5014A73D-3A79-400B-8156-0F0541D69307}"
EndProject
Project("{8BC9CEB8-8B4A-11D0-8D11-00A0C91BC942}") = "e4.4", "e4.4\e4.4.vcxproj", "{1A1A27A1-A6C8-410F-94A5-776F9DBC187D}"
EndProject
Project("{8BC9CEB8-8B4A-11D0-8D11-00A0C91BC942}") = "add_ctor_dtor", "add_ctor_dtor\add_ctor_dtor.vcxproj", "{C97D1798-F39C-470F-B2E2-0A54C344A835}"
EndProject
Project("{8BC9CEB8-8B4A-11D0-8D11-00A0C91BC942}") = "e4.5", "e4.5\e4.5.vcxproj", "{8B907299-0BF9-4736-AF96-BB74B016BB2A}"
EndProject
Global
	GlobalSection(SolutionConfigurationPlatforms) = preSolution
		Debug|x64 = Debug|x64
		Debug|x86 = Debug|x86
		Release|x64 = Release|x64
		Release|x86 = Release|x86
	EndGlobalSection
	GlobalSection(ProjectConfigurationPlatforms) = postSolution
		{887D9B79-1853-4CBF-AF29-7A9244B64EBC}.Debug|x64.ActiveCfg = Debug|x64
		{887D9B79-1853-4CBF-AF29-7A9244B64EBC}.Debug|x64.Build.0 = Debug|x64
		{887D9B79-1853-4CBF-AF29-7A9244B64EBC}.Debug|x86.ActiveCfg = Debug|Win32
		{887D9B79-1853-4CBF-AF29-7A9244B64EBC}.Debug|x86.Build.0 = Debug|Win32
		{887D9B79-1853-4CBF-AF29-7A9244B64EBC}.Release|x64.ActiveCfg = Release|x64
		{887D9B79-1853-4CBF-AF29-7A9244B64EBC}.Release|x64.Build.0 = Release|x64
		{887D9B79-1853-4CBF-AF29-7A9244B64EBC}.Release|x86.ActiveCfg = Release|Win32
		{887D9B79-1853-4CBF-AF29-7A9244B64EBC}.Release|x86.Build.0 = Release|Win32
		{BD86CAC5-3F8F-4535-A470-836C83A3CCF7}.Debug|x64.ActiveCfg = Debug|x64
		{BD86CAC5-3F8F-4535-A470-836C83A3CCF7}.Debug|x64.Build.0 = Debug|x64
		{BD86CAC5-3F8F-4535-A470-836C83A3CCF7}.Debug|x86.ActiveCfg = Debug|Win32
		{BD86CAC5-3F8F-4535-A470-836C83A3CCF7}.Debug|x86.Build.0 = Debug|Win32
		{BD86CAC5-3F8F-4535-A470-836C83A3CCF7}.Release|x64.ActiveCfg = Release|x64
		{BD86CAC5-3F8F-4535-A470-836C83A3CCF7}.Release|x64.Build.0 = Release|x64
		{BD86CAC5-3F8F-4535-A470-836C83A3CCF7}.Release|x86.ActiveCfg = Release|Win32
		{BD86CAC5-3F8F-4535-A470-836C83A3CCF7}.Release|x86.Build.0 = Release|Win32
		{5014A73D-3A79-400B-8156-0F0541D69307}.Debug|x64.ActiveCfg = Debug|x64
		{5014A73D-3A79-400B-8156-0F0541D69307}.Debug|x64.Build.0 = Debug|x64
		{5014A73D-3A79-400B-8156-0F0541D69307}.Debug|x86.ActiveCfg = Debug|Win32
		{5014A73D-3A79-400B-8156-0F0541D69307}.Debug|x86.Build.0 = Debug|Win32
		{5014A73D-3A79-400B-8156-0F0541D69307}.Release|x64.ActiveCfg = Release|x64
		{5014A73D-3A79-400B-8156-0F0541D69307}.Release|x64.Build.0 = Release|x64
		{5014A73D-3A79-400B-8156-0F0541D69307}.Release|x86.ActiveCfg = Release|Win32
		{5014A73D-3A79-400B-8156-0F0541D69307}.Release|x86.Build.0 = Release|Win32
		{1A1A27A1-A6C8-410F-94A5-776F9DBC187D}.Debug|x64.ActiveCfg = Debug|x64
		{1A1A27A1-A6C8-410F-94A5-776F9DBC187D}.Debug|x64.Build.0 = Debug|x64
		{1A1A27A1-A6C8-410F-94A5-776F9DBC187D}.Debug|x86.ActiveCfg = Debug|Win32
		{1A1A27A1-A6C8-410F-94A5-776F9DBC187D}.Debug|x86.Build.0 = Debug|Win32
		{1A1A27A1-A6C8-410F-94A5-776F9DBC187D}.Release|x64.ActiveCfg = Release|x64
		{1A1A27A1-A6C8-410F-94A5-776F9DBC187D}.Release|x64.Build.0 = Release|x64
		{1A1A27A1-A6C8-410F-94A5-776F9DBC187D}.Release|x86.ActiveCfg = Release|Win32
		{1A1A27A1-A6C8-410F-94A5-776F9DBC187D}.Release|x86.Build.0 = Release|Win32
		{C97D1798-F39C-470F-B2E2-0A54C344A835}.Debug|x64.ActiveCfg = Debug|x64
		{C97D1798-F39C-470F-B2E2-0A54C344A835}.Debug|x64.Build.0 = Debug|x64
		{C97D1798-F39C-470F-B2E2-0A54C344A835}.Debug|x86.ActiveCfg = Debug|Win32
		{C97D1798-F39C-470F-B2E2-0A54C344A835}.Debug|x86.Build.0 = Debug|Win32
		{C97D1798-F39C-470F-B2E2-0A54C344A835}.Release|x64.ActiveCfg = Release|x64
		{C97D1798-F39C-470F-B2E2-0A54C344A835}.Release|x64.Build.0 = Release|x64
		{C97D1798-F39C-470F-B2E2-0A54C344A835}.Release|x86.ActiveCfg = Release|Win32
		{C97D1798-F39C-470F-B2E2-0A54C344A835}.Release|x86.Build.0 = Release|Win32
		{8B907299-0BF9-4736-AF96-BB74B016BB2A}.Debug|x64.ActiveCfg = Debug|x64
		{8B907299-0BF9-4736-AF96-BB74B016BB2A}.Debug|x64.Build.0 = Debug|x64
		{8B907299-0BF9-4736-AF96-BB74B016BB2A}.Debug|x86.ActiveCfg = Debug|Win32
		{8B907299-0BF9-4736-AF96-BB74B016BB2A}.Debug|x86.Build.0 = Debug|Win32
		{8B907299-0BF9-4736-AF96-BB74B016BB2A}.Release|x64.ActiveCfg = Release|x64
		{8B907299-0BF9-4736-AF96-BB74B016BB2A}.Release|x64.Build.0 = Release|x64
		{8B907299-0BF9-4736-AF96-BB74B016BB2A}.Release|x86.ActiveCfg = Release|Win32
		{8B907299-0BF9-4736-AF96-BB74B016BB2A}.Release|x86.Build.0 = Release|Win32
	EndGlobalSection
	GlobalSection(SolutionProperties) = preSolution
		HideSolutionNode = FALSE
	EndGlobalSection
	GlobalSection(ExtensibilityGlobals) = postSolution
		SolutionGuid = {183866D3-76B5-491D-9B62-1BB47CAD73DF}
	EndGlobalSection
EndGlobal
